
Microsoft Visual Studio Solution File, Format Version 12.00
# Visual Studio Version 17
VisualStudioVersion = 17.10.35122.118
MinimumVisualStudioVersion = 10.0.40219.1
Project("{FAE04EC0-301F-11D3-BF4B-00C04F79EFBC}") = "MSploitRecode", "MSploitRecode\MSploitRecode.csproj", "{0971AA37-810F-4FA1-B178-54B434BE85BB}"
EndProject
Global
	GlobalSection(SolutionConfigurationPlatforms) = preSolution
		Debug|Any CPU = Debug|Any CPU
		Release|Any CPU = Release|Any CPU
	EndGlobalSection
	GlobalSection(ProjectConfigurationPlatforms) = postSolution
		{0971AA37-810F-4FA1-B178-54B434BE85BB}.Debug|Any CPU.ActiveCfg = Debug|Any CPU
		{0971AA37-810F-4FA1-B178-54B434BE85BB}.Debug|Any CPU.Build.0 = Debug|Any CPU
		{0971AA37-810F-4FA1-B178-54B434BE85BB}.Release|Any CPU.ActiveCfg = Release|Any CPU
		{0971AA37-810F-4FA1-B178-54B434BE85BB}.Release|Any CPU.Build.0 = Release|Any CPU
	EndGlobalSection
	GlobalSection(SolutionProperties) = preSolution
		HideSolutionNode = FALSE
	EndGlobalSection
	GlobalSection(ExtensibilityGlobals) = postSolution
		SolutionGuid = {5F3F060B-1B93-4D25-A3DF-2573AF4171AB}
	EndGlobalSection
EndGlobal
